
Microsoft Visual Studio Solution File, Format Version 12.00
# Visual Studio Version 16
VisualStudioVersion = 16.0.28822.285
MinimumVisualStudioVersion = 10.0.40219.1
Project("{8BC9CEB8-8B4A-11D0-8D11-00A0C91BC942}") = "Prog2HF", "Prog2HF\Prog2HF.vcxproj", "{A02F83B7-37E8-46DC-82E4-E4913AF15E67}"
EndProject
Global
	GlobalSection(SolutionConfigurationPlatforms) = preSolution
		Debug|x64 = Debug|x64
		Debug|x86 = Debug|x86
		DebugMEM|x64 = DebugMEM|x64
		DebugMEM|x86 = DebugMEM|x86
		Release|x64 = Release|x64
		Release|x86 = Release|x86
		SFML_Debug|x64 = SFML_Debug|x64
		SFML_Debug|x86 = SFML_Debug|x86
		SFML_Release|x64 = SFML_Release|x64
		SFML_Release|x86 = SFML_Release|x86
	EndGlobalSection
	GlobalSection(ProjectConfigurationPlatforms) = postSolution
		{A02F83B7-37E8-46DC-82E4-E4913AF15E67}.Debug|x64.ActiveCfg = Debug|x64
		{A02F83B7-37E8-46DC-82E4-E4913AF15E67}.Debug|x64.Build.0 = Debug|x64
		{A02F83B7-37E8-46DC-82E4-E4913AF15E67}.Debug|x86.ActiveCfg = Debug|Win32
		{A02F83B7-37E8-46DC-82E4-E4913AF15E67}.Debug|x86.Build.0 = Debug|Win32
		{A02F83B7-37E8-46DC-82E4-E4913AF15E67}.DebugMEM|x64.ActiveCfg = DebugMEM|x64
		{A02F83B7-37E8-46DC-82E4-E4913AF15E67}.DebugMEM|x64.Build.0 = DebugMEM|x64
		{A02F83B7-37E8-46DC-82E4-E4913AF15E67}.DebugMEM|x86.ActiveCfg = DebugMEM|Win32
		{A02F83B7-37E8-46DC-82E4-E4913AF15E67}.DebugMEM|x86.Build.0 = DebugMEM|Win32
		{A02F83B7-37E8-46DC-82E4-E4913AF15E67}.Release|x64.ActiveCfg = Release|x64
		{A02F83B7-37E8-46DC-82E4-E4913AF15E67}.Release|x64.Build.0 = Release|x64
		{A02F83B7-37E8-46DC-82E4-E4913AF15E67}.Release|x86.ActiveCfg = Release|Win32
		{A02F83B7-37E8-46DC-82E4-E4913AF15E67}.Release|x86.Build.0 = Release|Win32
		{A02F83B7-37E8-46DC-82E4-E4913AF15E67}.SFML_Debug|x64.ActiveCfg = SFML_Debug|x64
		{A02F83B7-37E8-46DC-82E4-E4913AF15E67}.SFML_Debug|x64.Build.0 = SFML_Debug|x64
		{A02F83B7-37E8-46DC-82E4-E4913AF15E67}.SFML_Debug|x86.ActiveCfg = SFML_Debug|Win32
		{A02F83B7-37E8-46DC-82E4-E4913AF15E67}.SFML_Debug|x86.Build.0 = SFML_Debug|Win32
		{A02F83B7-37E8-46DC-82E4-E4913AF15E67}.SFML_Release|x64.ActiveCfg = SFML_Release|x64
		{A02F83B7-37E8-46DC-82E4-E4913AF15E67}.SFML_Release|x64.Build.0 = SFML_Release|x64
		{A02F83B7-37E8-46DC-82E4-E4913AF15E67}.SFML_Release|x86.ActiveCfg = SFML_Debug|Win32
		{A02F83B7-37E8-46DC-82E4-E4913AF15E67}.SFML_Release|x86.Build.0 = SFML_Debug|Win32
	EndGlobalSection
	GlobalSection(SolutionProperties) = preSolution
		HideSolutionNode = FALSE
	EndGlobalSection
	GlobalSection(ExtensibilityGlobals) = postSolution
		SolutionGuid = {66B03A1F-54AF-4EF9-AA1E-A9751F3948F9}
	EndGlobalSection
EndGlobal
